
Microsoft Visual Studio Solution File, Format Version 12.00
# Visual Studio Version 17
VisualStudioVersion = 17.7.34024.191
MinimumVisualStudioVersion = 10.0.40219.1
Project("{9A19103F-16F7-4668-BE54-9A1E7A4F7556}") = "ScreenMelder", "ScreenMelder\ScreenMelder.csproj", "{E3D9BBA4-8AEC-4AB9-ADAE-67E5F9880CF7}"
EndProject
Project("{9A19103F-16F7-4668-BE54-9A1E7A4F7556}") = "ScreenMelder.Lib.CommunicationsProxy", "ScreenMelder.Lib.CommunicationsProxy\ScreenMelder.Lib.CommunicationsProxy.csproj", "{B198EBC3-8278-4F40-964F-2873A00270A5}"
EndProject
Project("{9A19103F-16F7-4668-BE54-9A1E7A4F7556}") = "ScreenMelder.Lib.ScreenCapture", "ScreenMelder.Lib.ScreenCapture\ScreenMelder.Lib.ScreenCapture.csproj", "{883A5CB2-4520-4D06-ABA6-6032425D7E8E}"
EndProject
Project("{9A19103F-16F7-4668-BE54-9A1E7A4F7556}") = "ScreenMelder.Lib.Core", "ScreenMelder.Lib.Core\ScreenMelder.Lib.Core.csproj", "{F8BDC68D-8DD9-4263-A18A-C1A318A93F31}"
EndProject
Project("{9A19103F-16F7-4668-BE54-9A1E7A4F7556}") = "ScreenMelder.Lib.ChangeDetection", "ScreenMelder.Lib.ChangeDetection\ScreenMelder.Lib.ChangeDetection.csproj", "{37CB8E37-DE4A-443B-9585-5DDD596099C4}"
EndProject
Project("{9A19103F-16F7-4668-BE54-9A1E7A4F7556}") = "ScreenMelder.Lib.OCR", "ScreenMelder.Lib.OCR\ScreenMelder.Lib.OCR.csproj", "{75A77A5A-BCA4-43A6-92CC-BF58D6A26B9C}"
EndProject
Project("{2150E333-8FDC-42A3-9474-1A3956D46DE8}") = "Solution Items", "Solution Items", "{83D16C7F-FDC2-4E99-ABA6-3E89170355B3}"
	ProjectSection(SolutionItems) = preProject
		logging.md = logging.md
	EndProjectSection
EndProject
Global
	GlobalSection(SolutionConfigurationPlatforms) = preSolution
		Debug|Any CPU = Debug|Any CPU
		Release|Any CPU = Release|Any CPU
	EndGlobalSection
	GlobalSection(ProjectConfigurationPlatforms) = postSolution
		{E3D9BBA4-8AEC-4AB9-ADAE-67E5F9880CF7}.Debug|Any CPU.ActiveCfg = Debug|Any CPU
		{E3D9BBA4-8AEC-4AB9-ADAE-67E5F9880CF7}.Debug|Any CPU.Build.0 = Debug|Any CPU
		{E3D9BBA4-8AEC-4AB9-ADAE-67E5F9880CF7}.Release|Any CPU.ActiveCfg = Release|Any CPU
		{E3D9BBA4-8AEC-4AB9-ADAE-67E5F9880CF7}.Release|Any CPU.Build.0 = Release|Any CPU
		{B198EBC3-8278-4F40-964F-2873A00270A5}.Debug|Any CPU.ActiveCfg = Debug|Any CPU
		{B198EBC3-8278-4F40-964F-2873A00270A5}.Debug|Any CPU.Build.0 = Debug|Any CPU
		{B198EBC3-8278-4F40-964F-2873A00270A5}.Release|Any CPU.ActiveCfg = Release|Any CPU
		{B198EBC3-8278-4F40-964F-2873A00270A5}.Release|Any CPU.Build.0 = Release|Any CPU
		{883A5CB2-4520-4D06-ABA6-6032425D7E8E}.Debug|Any CPU.ActiveCfg = Debug|Any CPU
		{883A5CB2-4520-4D06-ABA6-6032425D7E8E}.Debug|Any CPU.Build.0 = Debug|Any CPU
		{883A5CB2-4520-4D06-ABA6-6032425D7E8E}.Release|Any CPU.ActiveCfg = Release|Any CPU
		{883A5CB2-4520-4D06-ABA6-6032425D7E8E}.Release|Any CPU.Build.0 = Release|Any CPU
		{F8BDC68D-8DD9-4263-A18A-C1A318A93F31}.Debug|Any CPU.ActiveCfg = Debug|Any CPU
		{F8BDC68D-8DD9-4263-A18A-C1A318A93F31}.Debug|Any CPU.Build.0 = Debug|Any CPU
		{F8BDC68D-8DD9-4263-A18A-C1A318A93F31}.Release|Any CPU.ActiveCfg = Release|Any CPU
		{F8BDC68D-8DD9-4263-A18A-C1A318A93F31}.Release|Any CPU.Build.0 = Release|Any CPU
		{37CB8E37-DE4A-443B-9585-5DDD596099C4}.Debug|Any CPU.ActiveCfg = Debug|Any CPU
		{37CB8E37-DE4A-443B-9585-5DDD596099C4}.Debug|Any CPU.Build.0 = Debug|Any CPU
		{37CB8E37-DE4A-443B-9585-5DDD596099C4}.Release|Any CPU.ActiveCfg = Release|Any CPU
		{37CB8E37-DE4A-443B-9585-5DDD596099C4}.Release|Any CPU.Build.0 = Release|Any CPU
		{75A77A5A-BCA4-43A6-92CC-BF58D6A26B9C}.Debug|Any CPU.ActiveCfg = Debug|Any CPU
		{75A77A5A-BCA4-43A6-92CC-BF58D6A26B9C}.Debug|Any CPU.Build.0 = Debug|Any CPU
		{75A77A5A-BCA4-43A6-92CC-BF58D6A26B9C}.Release|Any CPU.ActiveCfg = Release|Any CPU
		{75A77A5A-BCA4-43A6-92CC-BF58D6A26B9C}.Release|Any CPU.Build.0 = Release|Any CPU
	EndGlobalSection
	GlobalSection(SolutionProperties) = preSolution
		HideSolutionNode = FALSE
	EndGlobalSection
	GlobalSection(ExtensibilityGlobals) = postSolution
		SolutionGuid = {81633E96-AF7C-40C2-8A1A-2C43BF797083}
	EndGlobalSection
EndGlobal
